
Microsoft Visual Studio Solution File, Format Version 12.00
# Visual Studio Version 16
VisualStudioVersion = 16.0.30413.136
MinimumVisualStudioVersion = 10.0.40219.1
Project("{FAE04EC0-301F-11D3-BF4B-00C04F79EFBC}") = "SalesWebMvc", "SalesWebMvc\SalesWebMvc.csproj", "{4A8927C6-509A-468E-A787-75CCCCDA5817}"
EndProject
Global
	GlobalSection(SolutionConfigurationPlatforms) = preSolution
		Debug|Any CPU = Debug|Any CPU
		Release|Any CPU = Release|Any CPU
	EndGlobalSection
	GlobalSection(ProjectConfigurationPlatforms) = postSolution
		{4A8927C6-509A-468E-A787-75CCCCDA5817}.Debug|Any CPU.ActiveCfg = Debug|Any CPU
		{4A8927C6-509A-468E-A787-75CCCCDA5817}.Debug|Any CPU.Build.0 = Debug|Any CPU
		{4A8927C6-509A-468E-A787-75CCCCDA5817}.Release|Any CPU.ActiveCfg = Release|Any CPU
		{4A8927C6-509A-468E-A787-75CCCCDA5817}.Release|Any CPU.Build.0 = Release|Any CPU
	EndGlobalSection
	GlobalSection(SolutionProperties) = preSolution
		HideSolutionNode = FALSE
	EndGlobalSection
	GlobalSection(ExtensibilityGlobals) = postSolution
		SolutionGuid = {E8BC42F6-903F-468C-8E5E-A61EDF77E991}
	EndGlobalSection
EndGlobal
